{
  "version": 4,
  "terraform_version": "1.11.2",
  "serial": 20,
  "lineage": "11e98b9c-d3f3-0f4a-594b-56602b957308",
  "outputs": {},
  "resources": [
    {
      "module": "module.avm-res-web-serverfarm",
      "mode": "data",
      "type": "azurerm_client_config",
      "name": "telemetry",
      "provider": "provider[\"registry.terraform.io/hashicorp/azurerm\"]",
      "instances": [
        {
          "index_key": 0,
          "schema_version": 0,
          "attributes": {
            "client_id": "461d1c19-8063-4d74-88a0-387152f3a80f",
            "id": "Y2xpZW50Q29uZmlncy9jbGllbnRJZD00NjFkMWMxOS04MDYzLTRkNzQtODhhMC0zODcxNTJmM2E4MGY7b2JqZWN0SWQ9ZWU0ZGZkNzAtMDYwNi00Y2VlLWFhMDUtZDBiMzMyZGU5Yjg1O3N1YnNjcmlwdGlvbklkPTYwNmU4MjRiLWFhZjctNGI0ZS05MDU3LWI0NTlmNmE0NDM2ZDt0ZW5hbnRJZD0xMDRlNzdkNC04MWU3LTRjMTYtYWI0NC05MzUyMjBiZWQ2ZGQ=",
            "object_id": "ee4dfd70-0606-4cee-aa05-d0b332de9b85",
            "subscription_id": "606e824b-aaf7-4b4e-9057-b459f6a4436d",
            "tenant_id": "104e77d4-81e7-4c16-ab44-935220bed6dd",
            "timeouts": null
          },
          "sensitive_attributes": []
        }
      ]
    },
    {
      "module": "module.avm-res-web-serverfarm",
      "mode": "data",
      "type": "azurerm_location",
      "name": "region",
      "provider": "provider[\"registry.terraform.io/hashicorp/azurerm\"]",
      "instances": [
        {
          "schema_version": 0,
          "attributes": {
            "display_name": "West US 2",
            "id": "/subscriptions/606e824b-aaf7-4b4e-9057-b459f6a4436d/locations/westus2",
            "location": "westus2",
            "timeouts": null,
            "zone_mappings": [
              {
                "logical_zone": "1",
                "physical_zone": "westus2-az1"
              },
              {
                "logical_zone": "2",
                "physical_zone": "westus2-az2"
              },
              {
                "logical_zone": "3",
                "physical_zone": "westus2-az3"
              }
            ]
          },
          "sensitive_attributes": []
        }
      ]
    },
    {
      "module": "module.avm-res-web-serverfarm",
      "mode": "data",
      "type": "modtm_module_source",
      "name": "telemetry",
      "provider": "provider[\"registry.terraform.io/azure/modtm\"]",
      "instances": [
        {
          "index_key": 0,
          "schema_version": 0,
          "attributes": {
            "module_path": ".terraform/modules/avm-res-web-serverfarm",
            "module_source": "registry.terraform.io/Azure/avm-res-web-serverfarm/azurerm",
            "module_version": "0.7.0"
          },
          "sensitive_attributes": []
        }
      ]
    },
    {
      "module": "module.avm-res-web-serverfarm",
      "mode": "managed",
      "type": "azurerm_service_plan",
      "name": "this",
      "provider": "provider[\"registry.terraform.io/hashicorp/azurerm\"]",
      "instances": [
        {
          "schema_version": 1,
          "attributes": {
            "app_service_environment_id": "",
            "id": "/subscriptions/606e824b-aaf7-4b4e-9057-b459f6a4436d/resourceGroups/shahbazdemo/providers/Microsoft.Web/serverFarms/appplan1",
            "kind": "linux",
            "location": "westus2",
            "maximum_elastic_worker_count": 1,
            "name": "appplan1",
            "os_type": "Linux",
            "per_site_scaling_enabled": false,
            "premium_plan_auto_scale_enabled": false,
            "reserved": true,
            "resource_group_name": "shahbazdemo",
            "sku_name": "B1",
            "tags": {},
            "timeouts": null,
            "worker_count": 1,
            "zone_balancing_enabled": false
          },
          "sensitive_attributes": [],
          "private": "eyJlMmJmYjczMC1lY2FhLTExZTYtOGY4OC0zNDM2M2JjN2M0YzAiOnsiY3JlYXRlIjozNjAwMDAwMDAwMDAwLCJkZWxldGUiOjM2MDAwMDAwMDAwMDAsInJlYWQiOjMwMDAwMDAwMDAwMCwidXBkYXRlIjozNjAwMDAwMDAwMDAwfSwic2NoZW1hX3ZlcnNpb24iOiIxIn0=",
          "dependencies": [
            "module.avm-res-web-serverfarm.data.azurerm_location.region"
          ]
        }
      ]
    },
    {
      "module": "module.avm-res-web-serverfarm",
      "mode": "managed",
      "type": "modtm_telemetry",
      "name": "telemetry",
      "provider": "provider[\"registry.terraform.io/azure/modtm\"]",
      "instances": [
        {
          "index_key": 0,
          "schema_version": 0,
          "attributes": {
            "endpoint": null,
            "ephemeral_number": null,
            "id": "41058c60-862f-4140-8951-7ddc1467b851",
            "nonce": null,
            "tags": {
              "location": "West US2",
              "module_source": "registry.terraform.io/Azure/avm-res-web-serverfarm/azurerm",
              "module_version": "0.7.0",
              "random_id": "6cdd4118-7ea3-7d93-0069-6d9484a8f3b3",
              "subscription_id": "606e824b-aaf7-4b4e-9057-b459f6a4436d",
              "tenant_id": "104e77d4-81e7-4c16-ab44-935220bed6dd"
            }
          },
          "sensitive_attributes": [],
          "dependencies": [
            "module.avm-res-web-serverfarm.data.azurerm_client_config.telemetry",
            "module.avm-res-web-serverfarm.data.modtm_module_source.telemetry",
            "module.avm-res-web-serverfarm.random_uuid.telemetry"
          ]
        }
      ]
    },
    {
      "module": "module.avm-res-web-serverfarm",
      "mode": "managed",
      "type": "random_uuid",
      "name": "telemetry",
      "provider": "provider[\"registry.terraform.io/hashicorp/random\"]",
      "instances": [
        {
          "index_key": 0,
          "schema_version": 0,
          "attributes": {
            "id": "6cdd4118-7ea3-7d93-0069-6d9484a8f3b3",
            "keepers": null,
            "result": "6cdd4118-7ea3-7d93-0069-6d9484a8f3b3"
          },
          "sensitive_attributes": []
        }
      ]
    },
    {
      "module": "module.avm-res-web-site",
      "mode": "data",
      "type": "azurerm_client_config",
      "name": "telemetry",
      "provider": "provider[\"registry.terraform.io/hashicorp/azurerm\"]",
      "instances": [
        {
          "index_key": 0,
          "schema_version": 0,
          "attributes": {
            "client_id": "461d1c19-8063-4d74-88a0-387152f3a80f",
            "id": "Y2xpZW50Q29uZmlncy9jbGllbnRJZD00NjFkMWMxOS04MDYzLTRkNzQtODhhMC0zODcxNTJmM2E4MGY7b2JqZWN0SWQ9ZWU0ZGZkNzAtMDYwNi00Y2VlLWFhMDUtZDBiMzMyZGU5Yjg1O3N1YnNjcmlwdGlvbklkPTYwNmU4MjRiLWFhZjctNGI0ZS05MDU3LWI0NTlmNmE0NDM2ZDt0ZW5hbnRJZD0xMDRlNzdkNC04MWU3LTRjMTYtYWI0NC05MzUyMjBiZWQ2ZGQ=",
            "object_id": "ee4dfd70-0606-4cee-aa05-d0b332de9b85",
            "subscription_id": "606e824b-aaf7-4b4e-9057-b459f6a4436d",
            "tenant_id": "104e77d4-81e7-4c16-ab44-935220bed6dd",
            "timeouts": null
          },
          "sensitive_attributes": []
        }
      ]
    },
    {
      "module": "module.avm-res-web-site",
      "mode": "data",
      "type": "modtm_module_source",
      "name": "telemetry",
      "provider": "provider[\"registry.terraform.io/azure/modtm\"]",
      "instances": [
        {
          "index_key": 0,
          "schema_version": 0,
          "attributes": {
            "module_path": ".terraform/modules/avm-res-web-site",
            "module_source": "registry.terraform.io/Azure/avm-res-web-site/azurerm",
            "module_version": "0.17.2"
          },
          "sensitive_attributes": []
        }
      ]
    },
    {
      "module": "module.avm-res-web-site",
      "mode": "managed",
      "type": "azurerm_application_insights",
      "name": "this",
      "provider": "provider[\"registry.terraform.io/hashicorp/azurerm\"]",
      "instances": [
        {
          "index_key": 0,
          "schema_version": 2,
          "attributes": {
            "app_id": "390dbe6b-609c-48de-b2c7-69a093998aa7",
            "application_type": "web",
            "connection_string": "InstrumentationKey=d49b0d4a-e858-41a3-8fbb-e447f418ba26;IngestionEndpoint=https://westus2-2.in.applicationinsights.azure.com/;LiveEndpoint=https://westus2.livediagnostics.monitor.azure.com/;ApplicationId=390dbe6b-609c-48de-b2c7-69a093998aa7",
            "daily_data_cap_in_gb": 100,
            "daily_data_cap_notifications_disabled": false,
            "disable_ip_masking": false,
            "force_customer_storage_for_profiler": false,
            "id": "/subscriptions/606e824b-aaf7-4b4e-9057-b459f6a4436d/resourceGroups/shahbazdemo/providers/Microsoft.Insights/components/ai-appshahbazdemo",
            "instrumentation_key": "d49b0d4a-e858-41a3-8fbb-e447f418ba26",
            "internet_ingestion_enabled": true,
            "internet_query_enabled": true,
            "local_authentication_disabled": false,
            "location": "westus2",
            "name": "ai-appshahbazdemo",
            "resource_group_name": "shahbazdemo",
            "retention_in_days": 90,
            "sampling_percentage": 100,
            "tags": null,
            "timeouts": null,
            "workspace_id": "/subscriptions/606e824b-aaf7-4b4e-9057-b459f6a4436d/resourceGroups/ai_ai-appshahbazdemo_390dbe6b-609c-48de-b2c7-69a093998aa7_managed/providers/Microsoft.OperationalInsights/workspaces/managed-ai-appshahbazdemo-ws"
          },
          "sensitive_attributes": [
            [
              {
                "type": "get_attr",
                "value": "connection_string"
              }
            ],
            [
              {
                "type": "get_attr",
                "value": "instrumentation_key"
              }
            ]
          ],
          "private": "eyJlMmJmYjczMC1lY2FhLTExZTYtOGY4OC0zNDM2M2JjN2M0YzAiOnsiY3JlYXRlIjozNjAwMDAwMDAwMDAwLCJkZWxldGUiOjE4MDAwMDAwMDAwMDAsInJlYWQiOjMwMDAwMDAwMDAwMCwidXBkYXRlIjoxODAwMDAwMDAwMDAwfSwic2NoZW1hX3ZlcnNpb24iOiIyIn0="
        }
      ]
    },
    {
      "module": "module.avm-res-web-site",
      "mode": "managed",
      "type": "azurerm_linux_web_app",
      "name": "this",
      "provider": "provider[\"registry.terraform.io/hashicorp/azurerm\"]",
      "instances": [
        {
          "index_key": 0,
          "schema_version": 1,
          "attributes": {
            "app_settings": {
              "APPINSIGHTS_INSTRUMENTATIONKEY": "d49b0d4a-e858-41a3-8fbb-e447f418ba26",
              "APPLICATIONINSIGHTS_CONNECTION_STRING": "InstrumentationKey=d49b0d4a-e858-41a3-8fbb-e447f418ba26;IngestionEndpoint=https://westus2-2.in.applicationinsights.azure.com/;LiveEndpoint=https://westus2.livediagnostics.monitor.azure.com/;ApplicationId=390dbe6b-609c-48de-b2c7-69a093998aa7"
            },
            "auth_settings": [],
            "auth_settings_v2": [],
            "backup": [],
            "client_affinity_enabled": false,
            "client_certificate_enabled": false,
            "client_certificate_exclusion_paths": "",
            "client_certificate_mode": "Required",
            "connection_string": [],
            "custom_domain_verification_id": "25D556597DBDC39D5797E088EAC516198A1C323FDB19CDBDEC95A5E58F724526",
            "default_hostname": "appshahbazdemo.azurewebsites.net",
            "enabled": true,
            "ftp_publish_basic_authentication_enabled": true,
            "hosting_environment_id": "",
            "https_only": false,
            "id": "/subscriptions/606e824b-aaf7-4b4e-9057-b459f6a4436d/resourceGroups/shahbazdemo/providers/Microsoft.Web/sites/appshahbazdemo",
            "identity": [],
            "key_vault_reference_identity_id": "SystemAssigned",
            "kind": "app,linux",
            "location": "westus2",
            "logs": [],
            "name": "appshahbazdemo",
            "outbound_ip_address_list": [
              "4.149.168.103",
              "4.149.168.110",
              "4.149.168.112",
              "4.149.168.124",
              "4.149.168.129",
              "4.149.168.132",
              "172.179.23.203",
              "172.179.23.248",
              "172.179.23.249",
              "4.149.168.1",
              "4.149.168.15",
              "4.149.168.16",
              "20.115.232.11"
            ],
            "outbound_ip_addresses": "4.149.168.103,4.149.168.110,4.149.168.112,4.149.168.124,4.149.168.129,4.149.168.132,172.179.23.203,172.179.23.248,172.179.23.249,4.149.168.1,4.149.168.15,4.149.168.16,20.115.232.11",
            "possible_outbound_ip_address_list": [
              "4.149.168.103",
              "4.149.168.110",
              "4.149.168.112",
              "4.149.168.124",
              "4.149.168.129",
              "4.149.168.132",
              "172.179.23.203",
              "172.179.23.248",
              "172.179.23.249",
              "4.149.168.1",
              "4.149.168.15",
              "4.149.168.16",
              "4.149.168.31",
              "4.149.168.34",
              "4.149.168.38",
              "4.149.168.41",
              "4.149.168.43",
              "4.149.168.61",
              "4.149.168.67",
              "4.149.168.75",
              "172.179.22.0",
              "4.149.168.76",
              "4.149.168.88",
              "4.149.168.94",
              "4.149.168.134",
              "4.149.168.154",
              "172.179.16.53",
              "4.149.168.157",
              "4.149.168.159",
              "4.149.168.162",
              "20.115.232.11"
            ],
            "possible_outbound_ip_addresses": "4.149.168.103,4.149.168.110,4.149.168.112,4.149.168.124,4.149.168.129,4.149.168.132,172.179.23.203,172.179.23.248,172.179.23.249,4.149.168.1,4.149.168.15,4.149.168.16,4.149.168.31,4.149.168.34,4.149.168.38,4.149.168.41,4.149.168.43,4.149.168.61,4.149.168.67,4.149.168.75,172.179.22.0,4.149.168.76,4.149.168.88,4.149.168.94,4.149.168.134,4.149.168.154,172.179.16.53,4.149.168.157,4.149.168.159,4.149.168.162,20.115.232.11",
            "public_network_access_enabled": true,
            "resource_group_name": "shahbazdemo",
            "service_plan_id": "/subscriptions/606e824b-aaf7-4b4e-9057-b459f6a4436d/resourceGroups/shahbazdemo/providers/Microsoft.Web/serverFarms/appplan1",
            "site_config": [
              {
                "always_on": true,
                "api_definition_url": "",
                "api_management_api_id": "",
                "app_command_line": "",
                "application_stack": [
                  {
                    "docker_image_name": "",
                    "docker_registry_password": "",
                    "docker_registry_url": "",
                    "docker_registry_username": "",
                    "dotnet_version": "",
                    "go_version": "",
                    "java_server": "",
                    "java_server_version": "",
                    "java_version": "",
                    "node_version": "",
                    "php_version": "",
                    "python_version": "",
                    "ruby_version": ""
                  }
                ],
                "auto_heal_setting": [],
                "container_registry_managed_identity_client_id": "",
                "container_registry_use_managed_identity": false,
                "cors": [],
                "default_documents": [
                  "Default.htm",
                  "Default.html",
                  "Default.asp",
                  "index.htm",
                  "index.html",
                  "iisstart.htm",
                  "default.aspx",
                  "index.php",
                  "hostingstart.html"
                ],
                "detailed_error_logging_enabled": false,
                "ftps_state": "FtpsOnly",
                "health_check_eviction_time_in_min": 0,
                "health_check_path": "",
                "http2_enabled": false,
                "ip_restriction": [],
                "ip_restriction_default_action": "Allow",
                "linux_fx_version": "",
                "load_balancing_mode": "LeastRequests",
                "local_mysql_enabled": false,
                "managed_pipeline_mode": "Integrated",
                "minimum_tls_version": "1.3",
                "remote_debugging_enabled": false,
                "remote_debugging_version": "VS2022",
                "scm_ip_restriction": [],
                "scm_ip_restriction_default_action": "Allow",
                "scm_minimum_tls_version": "1.2",
                "scm_type": "None",
                "scm_use_main_ip_restriction": false,
                "use_32_bit_worker": false,
                "vnet_route_all_enabled": false,
                "websockets_enabled": false,
                "worker_count": 1
              }
            ],
            "site_credential": [
              {
                "name": "$appshahbazdemo",
                "password": "hboppjZwllB0oWTuCN7EpyeKmzvADFXJhq3qRPxDGf3RcPyFc0bmATXgHHvE"
              }
            ],
            "sticky_settings": [],
            "storage_account": [],
            "tags": null,
            "timeouts": null,
            "virtual_network_backup_restore_enabled": false,
            "virtual_network_subnet_id": "",
            "webdeploy_publish_basic_authentication_enabled": true,
            "zip_deploy_file": ""
          },
          "sensitive_attributes": [
            [
              {
                "type": "get_attr",
                "value": "custom_domain_verification_id"
              }
            ],
            [
              {
                "type": "get_attr",
                "value": "site_config"
              },
              {
                "type": "index",
                "value": {
                  "value": 0,
                  "type": "number"
                }
              },
              {
                "type": "get_attr",
                "value": "application_stack"
              },
              {
                "type": "index",
                "value": {
                  "value": 0,
                  "type": "number"
                }
              },
              {
                "type": "get_attr",
                "value": "docker_registry_password"
              }
            ],
            [
              {
                "type": "get_attr",
                "value": "site_credential"
              }
            ],
            [
              {
                "type": "get_attr",
                "value": "app_settings"
              },
              {
                "type": "index",
                "value": {
                  "value": "APPINSIGHTS_INSTRUMENTATIONKEY",
                  "type": "string"
                }
              }
            ],
            [
              {
                "type": "get_attr",
                "value": "app_settings"
              },
              {
                "type": "index",
                "value": {
                  "value": "APPLICATIONINSIGHTS_CONNECTION_STRING",
                  "type": "string"
                }
              }
            ]
          ],
          "private": "eyJlMmJmYjczMC1lY2FhLTExZTYtOGY4OC0zNDM2M2JjN2M0YzAiOnsiY3JlYXRlIjoxODAwMDAwMDAwMDAwLCJkZWxldGUiOjE4MDAwMDAwMDAwMDAsInJlYWQiOjMwMDAwMDAwMDAwMCwidXBkYXRlIjoxODAwMDAwMDAwMDAwfSwic2NoZW1hX3ZlcnNpb24iOiIxIn0=",
          "dependencies": [
            "module.avm-res-web-serverfarm.azurerm_service_plan.this",
            "module.avm-res-web-serverfarm.data.azurerm_location.region",
            "module.avm-res-web-site.azurerm_application_insights.this"
          ]
        }
      ]
    },
    {
      "module": "module.avm-res-web-site",
      "mode": "managed",
      "type": "modtm_telemetry",
      "name": "telemetry",
      "provider": "provider[\"registry.terraform.io/azure/modtm\"]",
      "instances": [
        {
          "index_key": 0,
          "schema_version": 0,
          "attributes": {
            "endpoint": null,
            "ephemeral_number": null,
            "id": "62f92945-cf11-48dc-8f5f-996dd70adeb1",
            "nonce": null,
            "tags": {
              "location": "West US2",
              "module_source": "registry.terraform.io/Azure/avm-res-web-site/azurerm",
              "module_version": "0.17.2",
              "random_id": "0110eb42-1885-b788-0cd7-09ba81b55fd0",
              "subscription_id": "606e824b-aaf7-4b4e-9057-b459f6a4436d",
              "tenant_id": "104e77d4-81e7-4c16-ab44-935220bed6dd"
            }
          },
          "sensitive_attributes": [],
          "dependencies": [
            "module.avm-res-web-site.data.azurerm_client_config.telemetry",
            "module.avm-res-web-site.data.modtm_module_source.telemetry",
            "module.avm-res-web-site.random_uuid.telemetry"
          ]
        }
      ]
    },
    {
      "module": "module.avm-res-web-site",
      "mode": "managed",
      "type": "random_uuid",
      "name": "telemetry",
      "provider": "provider[\"registry.terraform.io/hashicorp/random\"]",
      "instances": [
        {
          "index_key": 0,
          "schema_version": 0,
          "attributes": {
            "id": "0110eb42-1885-b788-0cd7-09ba81b55fd0",
            "keepers": null,
            "result": "0110eb42-1885-b788-0cd7-09ba81b55fd0"
          },
          "sensitive_attributes": []
        }
      ]
    }
  ],
  "check_results": [
    {
      "object_kind": "var",
      "config_addr": "module.avm-res-web-serverfarm.var.os_type",
      "status": "pass",
      "objects": [
        {
          "object_addr": "module.avm-res-web-serverfarm.var.os_type",
          "status": "pass"
        }
      ]
    },
    {
      "object_kind": "var",
      "config_addr": "module.avm-res-web-site.var.kind",
      "status": "pass",
      "objects": [
        {
          "object_addr": "module.avm-res-web-site.var.kind",
          "status": "pass"
        }
      ]
    },
    {
      "object_kind": "var",
      "config_addr": "module.avm-res-web-site.var.diagnostic_settings",
      "status": "pass",
      "objects": [
        {
          "object_addr": "module.avm-res-web-site.var.diagnostic_settings",
          "status": "pass"
        }
      ]
    },
    {
      "object_kind": "var",
      "config_addr": "module.avm-res-web-site.var.os_type",
      "status": "pass",
      "objects": [
        {
          "object_addr": "module.avm-res-web-site.var.os_type",
          "status": "pass"
        }
      ]
    },
    {
      "object_kind": "var",
      "config_addr": "module.avm-res-web-site.var.logs",
      "status": "pass",
      "objects": [
        {
          "object_addr": "module.avm-res-web-site.var.logs",
          "status": "pass"
        }
      ]
    },
    {
      "object_kind": "var",
      "config_addr": "module.avm-res-web-site.var.lock",
      "status": "pass",
      "objects": [
        {
          "object_addr": "module.avm-res-web-site.var.lock",
          "status": "pass"
        }
      ]
    },
    {
      "object_kind": "var",
      "config_addr": "module.avm-res-web-serverfarm.var.lock",
      "status": "pass",
      "objects": [
        {
          "object_addr": "module.avm-res-web-serverfarm.var.lock",
          "status": "pass"
        }
      ]
    },
    {
      "object_kind": "var",
      "config_addr": "module.avm-res-web-site.var.instance_memory_in_mb",
      "status": "pass",
      "objects": [
        {
          "object_addr": "module.avm-res-web-site.var.instance_memory_in_mb",
          "status": "pass"
        }
      ]
    },
    {
      "object_kind": "var",
      "config_addr": "module.avm-res-web-serverfarm.var.name",
      "status": "pass",
      "objects": [
        {
          "object_addr": "module.avm-res-web-serverfarm.var.name",
          "status": "pass"
        }
      ]
    },
    {
      "object_kind": "var",
      "config_addr": "module.avm-res-web-serverfarm.var.sku_name",
      "status": "pass",
      "objects": [
        {
          "object_addr": "module.avm-res-web-serverfarm.var.sku_name",
          "status": "pass"
        }
      ]
    }
  ]
}
